# This file is automatically @generated by Cargo.
# It is not intended for manual editing.
version = 3

[[package]]
name = "alsa-sys"
version = "0.3.1"
source = "registry+https://github.com/rust-lang/crates.io-index"
checksum = "db8fee663d06c4e303404ef5f40488a53e062f89ba8bfed81f42325aafad1527"
dependencies = [
 "libc",
 "pkg-config",
]

[[package]]
name = "bitflags"
version = "0.3.3"
source = "registry+https://github.com/rust-lang/crates.io-index"
checksum = "32866f4d103c4e438b1db1158aa1b1a80ee078e5d77a59a2f906fd62a577389c"

[[package]]
name = "coreaudio-rs"
version = "0.5.0"
source = "registry+https://github.com/rust-lang/crates.io-index"
checksum = "7f97dd1cb4381fc1d3a80f2c63ce965c4c936befe7051fd33289a2dc45914bda"
dependencies = [
 "bitflags",
 "coreaudio-sys",
 "libc",
]

[[package]]
name = "coreaudio-sys"
version = "0.1.2"
source = "registry+https://github.com/rust-lang/crates.io-index"
checksum = "31231897622a4cd14cb211af6f26d6fcf0c78078fa60c586ce9db8f0b581cd44"
dependencies = [
 "libc",
]

[[package]]
name = "cpal"
version = "0.2.12"
source = "registry+https://github.com/rust-lang/crates.io-index"
checksum = "989df64d59c65f18776046436c3e50964699ec789e76b1af04f6fc32b6a2b713"
dependencies = [
 "alsa-sys",
 "coreaudio-rs",
 "lazy_static",
 "libc",
 "ole32-sys",
 "winapi",
]

[[package]]
name = "hound"
version = "3.4.0"
dependencies = [
 "cpal",
]

[[package]]
name = "lazy_static"
version = "0.2.11"
source = "registry+https://github.com/rust-lang/crates.io-index"
checksum = "76f033c7ad61445c5b347c7382dd1237847eb1bce590fe50365dcb33d546be73"

[[package]]
name = "libc"
version = "0.2.162"
source = "registry+https://github.com/rust-lang/crates.io-index"
checksum = "18d287de67fe55fd7e1581fe933d965a5a9477b38e949cfa9f8574ef01506398"

[[package]]
name = "ole32-sys"
version = "0.2.0"
source = "registry+https://github.com/rust-lang/crates.io-index"
checksum = "5d2c49021782e5233cd243168edfa8037574afed4eba4bbaf538b3d8d1789d8c"
dependencies = [
 "winapi",
 "winapi-build",
]

[[package]]
name = "pkg-config"
version = "0.3.31"
source = "registry+https://github.com/rust-lang/crates.io-index"
checksum = "953ec861398dccce10c670dfeaf3ec4911ca479e9c02154b3a215178c5f566f2"

[[package]]
name = "winapi"
version = "0.2.8"
source = "registry+https://github.com/rust-lang/crates.io-index"
checksum = "167dc9d6949a9b857f3451275e911c3f44255842c1f7a76f33c55103a909087a"

[[package]]
name = "winapi-build"
version = "0.1.1"
source = "registry+https://github.com/rust-lang/crates.io-index"
checksum = "2d315eee3b34aca4797b2da6b13ed88266e6d612562a0c46390af8299fc699bc"
